
Microsoft Visual Studio Solution File, Format Version 12.00
# Visual Studio Version 16
VisualStudioVersion = 16.0.31105.61
MinimumVisualStudioVersion = 10.0.40219.1
Project("{FAE04EC0-301F-11D3-BF4B-00C04F79EFBC}") = "Excercise03.Android", "Excercise03\Excercise03.Android\Excercise03.Android.csproj", "{05A06781-9286-4211-A4F3-732CAAE0E0B1}"
EndProject
Project("{FAE04EC0-301F-11D3-BF4B-00C04F79EFBC}") = "Excercise03", "Excercise03\Excercise03\Excercise03.csproj", "{FD2F0903-36AE-4875-974D-901C8D00D9D3}"
EndProject
Global
	GlobalSection(SolutionConfigurationPlatforms) = preSolution
		Debug|Any CPU = Debug|Any CPU
		Release|Any CPU = Release|Any CPU
	EndGlobalSection
	GlobalSection(ProjectConfigurationPlatforms) = postSolution
		{05A06781-9286-4211-A4F3-732CAAE0E0B1}.Debug|Any CPU.ActiveCfg = Debug|Any CPU
		{05A06781-9286-4211-A4F3-732CAAE0E0B1}.Debug|Any CPU.Build.0 = Debug|Any CPU
		{05A06781-9286-4211-A4F3-732CAAE0E0B1}.Debug|Any CPU.Deploy.0 = Debug|Any CPU
		{05A06781-9286-4211-A4F3-732CAAE0E0B1}.Release|Any CPU.ActiveCfg = Release|Any CPU
		{05A06781-9286-4211-A4F3-732CAAE0E0B1}.Release|Any CPU.Build.0 = Release|Any CPU
		{05A06781-9286-4211-A4F3-732CAAE0E0B1}.Release|Any CPU.Deploy.0 = Release|Any CPU
		{FD2F0903-36AE-4875-974D-901C8D00D9D3}.Debug|Any CPU.ActiveCfg = Debug|Any CPU
		{FD2F0903-36AE-4875-974D-901C8D00D9D3}.Debug|Any CPU.Build.0 = Debug|Any CPU
		{FD2F0903-36AE-4875-974D-901C8D00D9D3}.Debug|Any CPU.Deploy.0 = Debug|Any CPU
		{FD2F0903-36AE-4875-974D-901C8D00D9D3}.Release|Any CPU.ActiveCfg = Release|Any CPU
		{FD2F0903-36AE-4875-974D-901C8D00D9D3}.Release|Any CPU.Build.0 = Release|Any CPU
		{FD2F0903-36AE-4875-974D-901C8D00D9D3}.Release|Any CPU.Deploy.0 = Release|Any CPU
	EndGlobalSection
	GlobalSection(SolutionProperties) = preSolution
		HideSolutionNode = FALSE
	EndGlobalSection
	GlobalSection(ExtensibilityGlobals) = postSolution
		SolutionGuid = {E9D74E8A-6B87-4AA0-B9EE-07E392AAA226}
	EndGlobalSection
EndGlobal
